{
  "name": "vue3-template",
  "version": "1.0.0",
  "lockfileVersion": 2,
  "requires": true,
  "packages": {
    "": {
      "version": "1.0.0",
      "license": "ISC",
      "dependencies": {
        "ylxuni": "file:.yalc/ylxuni"
      }
    },
    ".yalc/ylxuni": {
      "version": "1.0.0",
      "license": "ISC"
    },
    "node_modules/ylxuni": {
      "resolved": ".yalc/ylxuni",
      "link": true
    }
  },
  "dependencies": {
    "ylxuni": {
      "version": "file:.yalc/ylxuni"
    }
  }
}
